
Microsoft Visual Studio Solution File, Format Version 12.00
# Visual Studio Version 17
VisualStudioVersion = 17.4.33829.165
MinimumVisualStudioVersion = 10.0.40219.1
Project("{9A19103F-16F7-4668-BE54-9A1E7A4F7556}") = "DevOpsMigration", "DevOpsMigration\DevOpsMigration.csproj", "{777305E4-E274-4520-979A-1921DACDBACD}"
EndProject
Project("{9A19103F-16F7-4668-BE54-9A1E7A4F7556}") = "DevOpsMigrationLib", "DevOpsMigrationLib\DevOpsMigrationLib.csproj", "{19A97DC8-ED66-47DC-B63A-5568126B318D}"
EndProject
Global
	GlobalSection(SolutionConfigurationPlatforms) = preSolution
		Debug|Any CPU = Debug|Any CPU
		Release|Any CPU = Release|Any CPU
	EndGlobalSection
	GlobalSection(ProjectConfigurationPlatforms) = postSolution
		{777305E4-E274-4520-979A-1921DACDBACD}.Debug|Any CPU.ActiveCfg = Debug|Any CPU
		{777305E4-E274-4520-979A-1921DACDBACD}.Debug|Any CPU.Build.0 = Debug|Any CPU
		{777305E4-E274-4520-979A-1921DACDBACD}.Release|Any CPU.ActiveCfg = Release|Any CPU
		{777305E4-E274-4520-979A-1921DACDBACD}.Release|Any CPU.Build.0 = Release|Any CPU
		{19A97DC8-ED66-47DC-B63A-5568126B318D}.Debug|Any CPU.ActiveCfg = Debug|Any CPU
		{19A97DC8-ED66-47DC-B63A-5568126B318D}.Debug|Any CPU.Build.0 = Debug|Any CPU
		{19A97DC8-ED66-47DC-B63A-5568126B318D}.Release|Any CPU.ActiveCfg = Release|Any CPU
		{19A97DC8-ED66-47DC-B63A-5568126B318D}.Release|Any CPU.Build.0 = Release|Any CPU
	EndGlobalSection
	GlobalSection(SolutionProperties) = preSolution
		HideSolutionNode = FALSE
	EndGlobalSection
	GlobalSection(ExtensibilityGlobals) = postSolution
		SolutionGuid = {A7C4A978-4770-40A3-8449-73008D7F46A6}
	EndGlobalSection
EndGlobal
